
Microsoft Visual Studio Solution File, Format Version 12.00
# Visual Studio Version 16
VisualStudioVersion = 16.0.29519.87
MinimumVisualStudioVersion = 10.0.40219.1
Project("{8BC9CEB8-8B4A-11D0-8D11-00A0C91BC942}") = "Ftn3", "Ftn3.vcxproj", "{C61EBE48-2C91-4069-8B0B-7E9AD5B5F861}"
EndProject
Global
	GlobalSection(SolutionConfigurationPlatforms) = preSolution
		Debug|x64 = Debug|x64
		Debug|x86 = Debug|x86
		Release|x64 = Release|x64
		Release|x86 = Release|x86
	EndGlobalSection
	GlobalSection(ProjectConfigurationPlatforms) = postSolution
		{C61EBE48-2C91-4069-8B0B-7E9AD5B5F861}.Debug|x64.ActiveCfg = Debug|x64
		{C61EBE48-2C91-4069-8B0B-7E9AD5B5F861}.Debug|x64.Build.0 = Debug|x64
		{C61EBE48-2C91-4069-8B0B-7E9AD5B5F861}.Debug|x86.ActiveCfg = Debug|Win32
		{C61EBE48-2C91-4069-8B0B-7E9AD5B5F861}.Debug|x86.Build.0 = Debug|Win32
		{C61EBE48-2C91-4069-8B0B-7E9AD5B5F861}.Release|x64.ActiveCfg = Release|x64
		{C61EBE48-2C91-4069-8B0B-7E9AD5B5F861}.Release|x64.Build.0 = Release|x64
		{C61EBE48-2C91-4069-8B0B-7E9AD5B5F861}.Release|x86.ActiveCfg = Release|Win32
		{C61EBE48-2C91-4069-8B0B-7E9AD5B5F861}.Release|x86.Build.0 = Release|Win32
	EndGlobalSection
	GlobalSection(SolutionProperties) = preSolution
		HideSolutionNode = FALSE
	EndGlobalSection
	GlobalSection(ExtensibilityGlobals) = postSolution
		SolutionGuid = {C2E231B5-5021-4643-AD7C-884D92080509}
	EndGlobalSection
EndGlobal
